#MicroXplorer Configuration settings - do not modify
ADC1.Channel-0\#ChannelRegularConversion=ADC_CHANNEL_2
ADC1.IPParameters=Rank-0\#ChannelRegularConversion,Channel-0\#ChannelRegularConversion,SamplingTime-0\#ChannelRegularConversion,NbrOfConversionFlag,master,SelectedChannel
ADC1.NbrOfConversionFlag=1
ADC1.Rank-0\#ChannelRegularConversion=1
ADC1.SamplingTime-0\#ChannelRegularConversion=ADC_SAMPLINGTIME_COMMON_1
ADC1.SelectedChannel=ADC_CHANNEL_2|ADC_CHANNEL_3
ADC1.master=1
CAD.formats=
CAD.pinconfig=
CAD.provider=
FREERTOS.IPParameters=Tasks01,configUSE_NEWLIB_REENTRANT
FREERTOS.Tasks01=defaultTask,24,128,StartDefaultTask,Default,NULL,Dynamic,NULL,NULL
FREERTOS.configUSE_NEWLIB_REENTRANT=1
File.Version=6
I2C2.IPParameters=Timing
I2C2.Timing=0x10B17DB5
I2C3.IPParameters=Timing,Speed
I2C3.Speed=100
I2C3.Timing=0x10B17DB5
KeepUserPlacement=false
Mcu.CPN=STM32G0C1RET3
Mcu.Family=STM32G0
Mcu.IP0=ADC1
Mcu.IP1=FREERTOS
Mcu.IP10=SPI3
Mcu.IP11=SYS
Mcu.IP12=TIM3
Mcu.IP13=TIM14
Mcu.IP2=I2C2
Mcu.IP3=I2C3
Mcu.IP4=LPUART1
Mcu.IP5=NVIC
Mcu.IP6=RCC
Mcu.IP7=RNG
Mcu.IP8=SPI1
Mcu.IP9=SPI2
Mcu.IPNb=14
Mcu.Name=STM32G0C1R(C-E)Tx
Mcu.Package=LQFP64
Mcu.Pin0=PC11
Mcu.Pin1=PC13
Mcu.Pin10=PA2
Mcu.Pin11=PA3
Mcu.Pin12=PA5
Mcu.Pin13=PA6
Mcu.Pin14=PA7
Mcu.Pin15=PC4
Mcu.Pin16=PC5
Mcu.Pin17=PB0
Mcu.Pin18=PB1
Mcu.Pin19=PB10
Mcu.Pin2=PC14-OSC32_IN (PC14)
Mcu.Pin20=PB11
Mcu.Pin21=PB13
Mcu.Pin22=PB14
Mcu.Pin23=PB15
Mcu.Pin24=PA8
Mcu.Pin25=PA9
Mcu.Pin26=PC6
Mcu.Pin27=PC7
Mcu.Pin28=PA10
Mcu.Pin29=PA11 [PA9]
Mcu.Pin3=PC15-OSC32_OUT (PC15)
Mcu.Pin30=PA12 [PA10]
Mcu.Pin31=PD2
Mcu.Pin32=PD3
Mcu.Pin33=PD4
Mcu.Pin34=PD5
Mcu.Pin35=PD6
Mcu.Pin36=PB3
Mcu.Pin37=PB4
Mcu.Pin38=PB5
Mcu.Pin39=PB8
Mcu.Pin4=PC0
Mcu.Pin40=PC10
Mcu.Pin41=VP_FREERTOS_VS_CMSIS_V2
Mcu.Pin42=VP_RNG_VS_RNG
Mcu.Pin43=VP_SYS_VS_tim1
Mcu.Pin44=VP_SYS_VS_DBSignals
Mcu.Pin45=VP_TIM14_VS_ClockSourceINT
Mcu.Pin5=PC1
Mcu.Pin6=PC2
Mcu.Pin7=PC3
Mcu.Pin8=PA0
Mcu.Pin9=PA1
Mcu.PinsNb=46
Mcu.ThirdPartyNb=0
Mcu.UserConstants=
Mcu.UserName=STM32G0C1RETx
MxCube.Version=6.12.1
MxDb.Version=DB.6.0.121
NVIC.EXTI2_3_IRQn=true\:3\:0\:false\:false\:true\:true\:true\:true\:true
NVIC.EXTI4_15_IRQn=true\:3\:0\:false\:false\:true\:true\:true\:true\:true
NVIC.ForceEnableDMAVector=true
NVIC.HardFault_IRQn=true\:0\:0\:false\:false\:true\:false\:false\:false\:false
NVIC.I2C2_3_IRQn=true\:3\:0\:false\:false\:true\:true\:true\:true\:true
NVIC.NonMaskableInt_IRQn=true\:0\:0\:false\:false\:true\:false\:false\:false\:false
NVIC.PendSV_IRQn=true\:3\:0\:false\:false\:false\:true\:false\:false\:false
NVIC.SVC_IRQn=true\:0\:0\:false\:false\:false\:false\:false\:false\:true
NVIC.SavedPendsvIrqHandlerGenerated=true
NVIC.SavedSvcallIrqHandlerGenerated=true
NVIC.SavedSystickIrqHandlerGenerated=true
NVIC.SysTick_IRQn=true\:3\:0\:false\:false\:false\:true\:false\:true\:false
NVIC.TIM1_BRK_UP_TRG_COM_IRQn=true\:3\:0\:false\:false\:true\:false\:false\:true\:true
NVIC.TimeBase=TIM1_BRK_UP_TRG_COM_IRQn
NVIC.TimeBaseIP=TIM1
PA0.GPIOParameters=GPIO_Label
PA0.GPIO_Label=SD_CARD_SCK
PA0.Locked=true
PA0.Mode=Full_Duplex_Master
PA0.Signal=SPI2_SCK
PA1.GPIOParameters=GPIO_Label
PA1.GPIO_Label=SD_CARD_CS
PA1.Locked=true
PA1.Signal=GPIO_Output
PA10.GPIOParameters=GPIO_Label
PA10.GPIO_Label=LED_PWR
PA10.Locked=true
PA10.Signal=GPIO_Output
PA11\ [PA9].GPIOParameters=GPIO_Label
PA11\ [PA9].GPIO_Label=LED_DISPLAY_R
PA11\ [PA9].Locked=true
PA11\ [PA9].Signal=GPIO_Output
PA12\ [PA10].GPIOParameters=GPIO_Label
PA12\ [PA10].GPIO_Label=LED_DISPLAY_B
PA12\ [PA10].Locked=true
PA12\ [PA10].Signal=GPIO_Output
PA2.GPIOParameters=GPIO_Label
PA2.GPIO_Label=NFC_I_SENSE_N
PA2.Locked=true
PA2.Mode=IN2
PA2.Signal=ADC1_IN2
PA3.GPIOParameters=GPIO_Label
PA3.GPIO_Label=NFC_I_SENSE_P
PA3.Locked=true
PA3.Mode=IN3
PA3.Signal=ADC1_IN3
PA5.GPIOParameters=GPIO_Label
PA5.GPIO_Label=LCD_SCK
PA5.Locked=true
PA5.Mode=Full_Duplex_Master
PA5.Signal=SPI1_SCK
PA6.GPIOParameters=GPIO_Label
PA6.GPIO_Label=LCD_MISO
PA6.Locked=true
PA6.Mode=Full_Duplex_Master
PA6.Signal=SPI1_MISO
PA7.GPIOParameters=GPIO_Label
PA7.GPIO_Label=LCD_MOSI
PA7.Locked=true
PA7.Mode=Full_Duplex_Master
PA7.Signal=SPI1_MOSI
PA8.GPIOParameters=GPIO_Label,GPIO_ModeDefaultEXTI
PA8.GPIO_Label=USER_BUTTON7
PA8.GPIO_ModeDefaultEXTI=GPIO_MODE_IT_RISING_FALLING
PA8.Locked=true
PA8.Signal=GPXTI8
PA9.GPIOParameters=GPIO_Label,GPIO_ModeDefaultEXTI
PA9.GPIO_Label=USER_BUTTON6
PA9.GPIO_ModeDefaultEXTI=GPIO_MODE_IT_RISING_FALLING
PA9.Locked=true
PA9.Signal=GPXTI9
PB0.Locked=true
PB0.Signal=S_TIM3_CH3
PB1.GPIOParameters=GPIO_Label
PB1.GPIO_Label=LCD_BRIGHTNESS
PB1.Locked=true
PB1.Signal=S_TIM14_CH1
PB10.GPIOParameters=GPIO_Label
PB10.GPIO_Label=USB_RX
PB10.Locked=true
PB10.Mode=Asynchronous
PB10.Signal=LPUART1_RX
PB11.GPIOParameters=GPIO_Label
PB11.GPIO_Label=USB_TX
PB11.Locked=true
PB11.Mode=Asynchronous
PB11.Signal=LPUART1_TX
PB13.GPIOParameters=GPIO_Label
PB13.GPIO_Label=NFC_B_SCL
PB13.Locked=true
PB13.Mode=I2C
PB13.Signal=I2C2_SCL
PB14.GPIOParameters=GPIO_Label
PB14.GPIO_Label=NFC_B_SDA
PB14.Locked=true
PB14.Mode=I2C
PB14.Signal=I2C2_SDA
PB15.GPIOParameters=GPIO_Label,GPIO_ModeDefaultEXTI
PB15.GPIO_Label=USER_BUTTON1
PB15.GPIO_ModeDefaultEXTI=GPIO_MODE_IT_RISING_FALLING
PB15.Locked=true
PB15.Signal=GPXTI15
PB3.GPIOParameters=GPIO_Label
PB3.GPIO_Label=EINK_SCK
PB3.Locked=true
PB3.Mode=Full_Duplex_Master
PB3.Signal=SPI3_SCK
PB4.GPIOParameters=GPIO_Label
PB4.GPIO_Label=EINK_MISO
PB4.Locked=true
PB4.Mode=Full_Duplex_Master
PB4.Signal=SPI3_MISO
PB5.GPIOParameters=GPIO_Label
PB5.GPIO_Label=EINK_MOSI
PB5.Locked=true
PB5.Mode=Full_Duplex_Master
PB5.Signal=SPI3_MOSI
PB8.GPIOParameters=GPIO_Label
PB8.GPIO_Label=SD_CARD_CONNDET
PB8.Locked=true
PB8.Signal=GPIO_Input
PC0.GPIOParameters=GPIO_Label
PC0.GPIO_Label=NFC_A_SCL
PC0.Locked=true
PC0.Mode=I2C
PC0.Signal=I2C3_SCL
PC1.GPIOParameters=GPIO_Label
PC1.GPIO_Label=NFC_A_SDA
PC1.Mode=I2C
PC1.Signal=I2C3_SDA
PC10.GPIOParameters=GPIO_Label,GPIO_ModeDefaultEXTI
PC10.GPIO_Label=USER_BUTTON3
PC10.GPIO_ModeDefaultEXTI=GPIO_MODE_IT_RISING_FALLING
PC10.Locked=true
PC10.Signal=GPXTI10
PC11.GPIOParameters=GPIO_Label,GPIO_ModeDefaultEXTI
PC11.GPIO_Label=USER_BUTTON2
PC11.GPIO_ModeDefaultEXTI=GPIO_MODE_IT_RISING_FALLING
PC11.Locked=true
PC11.Signal=GPXTI11
PC13.GPIOParameters=GPIO_Label
PC13.GPIO_Label=LED_DEBUG_G
PC13.Locked=true
PC13.Signal=GPIO_Output
PC14-OSC32_IN\ (PC14).GPIOParameters=GPIO_Label
PC14-OSC32_IN\ (PC14).GPIO_Label=LED_DEBUG_R
PC14-OSC32_IN\ (PC14).Locked=true
PC14-OSC32_IN\ (PC14).Signal=GPIO_Output
PC15-OSC32_OUT\ (PC15).GPIOParameters=GPIO_Label
PC15-OSC32_OUT\ (PC15).GPIO_Label=LED_DEBUG_B
PC15-OSC32_OUT\ (PC15).Locked=true
PC15-OSC32_OUT\ (PC15).Signal=GPIO_Output
PC2.GPIOParameters=GPIO_Label
PC2.GPIO_Label=SD_CARD_MISO
PC2.Locked=true
PC2.Mode=Full_Duplex_Master
PC2.Signal=SPI2_MISO
PC3.GPIOParameters=GPIO_Label
PC3.GPIO_Label=SD_CARD_MOSI
PC3.Locked=true
PC3.Mode=Full_Duplex_Master
PC3.Signal=SPI2_MOSI
PC4.GPIOParameters=GPIO_Label
PC4.GPIO_Label=LCD_CS
PC4.Locked=true
PC4.Signal=GPIO_Output
PC5.GPIOParameters=GPIO_Label
PC5.GPIO_Label=LCD_DC
PC5.Locked=true
PC5.Signal=GPIO_Output
PC6.GPIOParameters=GPIO_Label,GPIO_ModeDefaultEXTI
PC6.GPIO_Label=USER_BUTTON5
PC6.GPIO_ModeDefaultEXTI=GPIO_MODE_IT_RISING_FALLING
PC6.Locked=true
PC6.Signal=GPXTI6
PC7.GPIOParameters=GPIO_Label,GPIO_ModeDefaultEXTI
PC7.GPIO_Label=USER_BUTTON4
PC7.GPIO_ModeDefaultEXTI=GPIO_MODE_IT_RISING_FALLING
PC7.Locked=true
PC7.Signal=GPXTI7
PD2.GPIOParameters=GPIO_Label
PD2.GPIO_Label=NFC_A_BUSY
PD2.Locked=true
PD2.Signal=GPXTI2
PD3.GPIOParameters=GPIO_Label
PD3.GPIO_Label=EINK_SPI_CS
PD3.Locked=true
PD3.Signal=GPIO_Output
PD4.GPIOParameters=GPIO_Label
PD4.GPIO_Label=EINK_DC
PD4.Locked=true
PD4.Signal=GPIO_Output
PD5.GPIOParameters=GPIO_Label
PD5.GPIO_Label=EINK_RESET
PD5.Locked=true
PD5.Signal=GPIO_Output
PD6.GPIOParameters=GPIO_Label
PD6.GPIO_Label=EINK_BUSY
PD6.Locked=true
PD6.Signal=GPIO_Input
PinOutPanel.RotationAngle=0
ProjectManager.AskForMigrate=true
ProjectManager.BackupPrevious=false
ProjectManager.CompilerOptimize=6
ProjectManager.ComputerToolchain=false
ProjectManager.CoupleFile=true
ProjectManager.CustomerFirmwarePackage=
ProjectManager.DefaultFWLocation=true
ProjectManager.DeletePrevious=true
ProjectManager.DeviceId=STM32G0C1RETx
ProjectManager.FirmwarePackage=STM32Cube FW_G0 V1.6.2
ProjectManager.FreePins=false
ProjectManager.HalAssertFull=false
ProjectManager.HeapSize=0x200
ProjectManager.KeepUserCode=true
ProjectManager.LastFirmware=true
ProjectManager.LibraryCopy=1
ProjectManager.MainLocation=Core/Src
ProjectManager.NoMain=false
ProjectManager.PreviousToolchain=
ProjectManager.ProjectBuild=false
ProjectManager.ProjectFileName=controller_g0c1.ioc
ProjectManager.ProjectName=controller_g0c1
ProjectManager.ProjectStructure=
ProjectManager.RegisterCallBack=
ProjectManager.StackSize=0x400
ProjectManager.TargetToolchain=STM32CubeIDE
ProjectManager.ToolChainLocation=
ProjectManager.UAScriptAfterPath=
ProjectManager.UAScriptBeforePath=
ProjectManager.UnderRoot=true
ProjectManager.functionlistsort=1-SystemClock_Config-RCC-false-HAL-false,2-MX_GPIO_Init-GPIO-false-HAL-true,3-MX_ADC1_Init-ADC1-false-HAL-true,4-MX_I2C2_Init-I2C2-false-HAL-true,5-MX_I2C3_Init-I2C3-false-HAL-true,6-MX_LPUART1_UART_Init-LPUART1-false-HAL-true,7-MX_SPI1_Init-SPI1-false-HAL-true,8-MX_SPI2_Init-SPI2-false-HAL-true,9-MX_SPI3_Init-SPI3-false-HAL-true,10-MX_TIM3_Init-TIM3-false-HAL-true,11-MX_TIM14_Init-TIM14-false-HAL-true
RCC.ADCFreq_Value=64000000
RCC.AHBFreq_Value=64000000
RCC.APBFreq_Value=64000000
RCC.APBTimFreq_Value=64000000
RCC.CECFreq_Value=32786.88524590164
RCC.CortexFreq_Value=64000000
RCC.EXTERNAL_CLOCK_VALUE=48000
RCC.FCLKCortexFreq_Value=64000000
RCC.FDCANFreq_Value=64000000
RCC.FamilyName=M
RCC.HCLKFreq_Value=64000000
RCC.HSE_VALUE=8000000
RCC.HSI48_VALUE=48000000
RCC.HSI_VALUE=16000000
RCC.I2C1Freq_Value=64000000
RCC.I2C2Freq_Value=64000000
RCC.I2S1Freq_Value=64000000
RCC.I2S2Freq_Value=64000000
RCC.IPParameters=ADCFreq_Value,AHBFreq_Value,APBFreq_Value,APBTimFreq_Value,CECFreq_Value,CortexFreq_Value,EXTERNAL_CLOCK_VALUE,FCLKCortexFreq_Value,FDCANFreq_Value,FamilyName,HCLKFreq_Value,HSE_VALUE,HSI48_VALUE,HSI_VALUE,I2C1Freq_Value,I2C2Freq_Value,I2S1Freq_Value,I2S2Freq_Value,LPTIM1Freq_Value,LPTIM2Freq_Value,LPUART1Freq_Value,LPUART2Freq_Value,LSCOPinFreq_Value,LSE_VALUE,LSI_VALUE,MCO1PinFreq_Value,MCO2PinFreq_Value,PLLPoutputFreq_Value,PLLQoutputFreq_Value,PLLRCLKFreq_Value,PWRFreq_Value,RNGFreq_Value,SYSCLKFreq_VALUE,SYSCLKSource,TIM15Freq_Value,TIM1Freq_Value,USART1Freq_Value,USART2Freq_Value,USART3Freq_Value,USBFreq_Value,VCOInputFreq_Value,VCOOutputFreq_Value
RCC.LPTIM1Freq_Value=64000000
RCC.LPTIM2Freq_Value=64000000
RCC.LPUART1Freq_Value=64000000
RCC.LPUART2Freq_Value=64000000
RCC.LSCOPinFreq_Value=32000
RCC.LSE_VALUE=32768
RCC.LSI_VALUE=32000
RCC.MCO1PinFreq_Value=64000000
RCC.MCO2PinFreq_Value=64000000
RCC.PLLPoutputFreq_Value=64000000
RCC.PLLQoutputFreq_Value=64000000
RCC.PLLRCLKFreq_Value=64000000
RCC.PWRFreq_Value=64000000
RCC.RNGFreq_Value=2000000
RCC.SYSCLKFreq_VALUE=64000000
RCC.SYSCLKSource=RCC_SYSCLKSOURCE_PLLCLK
RCC.TIM15Freq_Value=64000000
RCC.TIM1Freq_Value=64000000
RCC.USART1Freq_Value=64000000
RCC.USART2Freq_Value=64000000
RCC.USART3Freq_Value=64000000
RCC.USBFreq_Value=48000000
RCC.VCOInputFreq_Value=16000000
RCC.VCOOutputFreq_Value=128000000
SH.GPXTI10.0=GPIO_EXTI10
SH.GPXTI10.ConfNb=1
SH.GPXTI11.0=GPIO_EXTI11
SH.GPXTI11.ConfNb=1
SH.GPXTI15.0=GPIO_EXTI15
SH.GPXTI15.ConfNb=1
SH.GPXTI2.0=GPIO_EXTI2
SH.GPXTI2.ConfNb=1
SH.GPXTI6.0=GPIO_EXTI6
SH.GPXTI6.ConfNb=1
SH.GPXTI7.0=GPIO_EXTI7
SH.GPXTI7.ConfNb=1
SH.GPXTI8.0=GPIO_EXTI8
SH.GPXTI8.ConfNb=1
SH.GPXTI9.0=GPIO_EXTI9
SH.GPXTI9.ConfNb=1
SH.S_TIM14_CH1.0=TIM14_CH1,PWM Generation1 CH1
SH.S_TIM14_CH1.ConfNb=1
SH.S_TIM3_CH3.0=TIM3_CH3,PWM Generation3 CH3
SH.S_TIM3_CH3.ConfNb=1
SPI1.CalculateBaudRate=32.0 MBits/s
SPI1.Direction=SPI_DIRECTION_2LINES
SPI1.IPParameters=VirtualType,Mode,Direction,CalculateBaudRate
SPI1.Mode=SPI_MODE_MASTER
SPI1.VirtualType=VM_MASTER
SPI2.CalculateBaudRate=32.0 MBits/s
SPI2.Direction=SPI_DIRECTION_2LINES
SPI2.IPParameters=VirtualType,Mode,Direction,CalculateBaudRate
SPI2.Mode=SPI_MODE_MASTER
SPI2.VirtualType=VM_MASTER
SPI3.BaudRatePrescaler=SPI_BAUDRATEPRESCALER_16
SPI3.CalculateBaudRate=4.0 MBits/s
SPI3.Direction=SPI_DIRECTION_2LINES
SPI3.IPParameters=VirtualType,Mode,Direction,CalculateBaudRate,BaudRatePrescaler
SPI3.Mode=SPI_MODE_MASTER
SPI3.VirtualType=VM_MASTER
TIM14.Channel=TIM_CHANNEL_1
TIM14.IPParameters=Channel
TIM3.Channel-PWM\ Generation3\ CH3=TIM_CHANNEL_3
TIM3.IPParameters=Channel-PWM Generation3 CH3
VP_FREERTOS_VS_CMSIS_V2.Mode=CMSIS_V2
VP_FREERTOS_VS_CMSIS_V2.Signal=FREERTOS_VS_CMSIS_V2
VP_RNG_VS_RNG.Mode=RNG_Activate
VP_RNG_VS_RNG.Signal=RNG_VS_RNG
VP_SYS_VS_DBSignals.Mode=DisableDeadBatterySignals
VP_SYS_VS_DBSignals.Signal=SYS_VS_DBSignals
VP_SYS_VS_tim1.Mode=TIM1
VP_SYS_VS_tim1.Signal=SYS_VS_tim1
VP_TIM14_VS_ClockSourceINT.Mode=Enable_Timer
VP_TIM14_VS_ClockSourceINT.Signal=TIM14_VS_ClockSourceINT
board=custom
rtos.0.ip=FREERTOS
isbadioc=false
